
Microsoft Visual Studio Solution File, Format Version 12.00
# Visual Studio 15
VisualStudioVersion = 15.0.26730.12
MinimumVisualStudioVersion = 10.0.40219.1
Project("{FAE04EC0-301F-11D3-BF4B-00C04F79EFBC}") = "WpfApp1", "WpfApp1\WpfApp1.csproj", "{1664AD6B-5801-4B44-B903-BF88667E72BB}"
EndProject
Global
	GlobalSection(SolutionConfigurationPlatforms) = preSolution
		Debug|Any CPU = Debug|Any CPU
		Release|Any CPU = Release|Any CPU
	EndGlobalSection
	GlobalSection(ProjectConfigurationPlatforms) = postSolution
		{1664AD6B-5801-4B44-B903-BF88667E72BB}.Debug|Any CPU.ActiveCfg = Debug|Any CPU
		{1664AD6B-5801-4B44-B903-BF88667E72BB}.Debug|Any CPU.Build.0 = Debug|Any CPU
		{1664AD6B-5801-4B44-B903-BF88667E72BB}.Release|Any CPU.ActiveCfg = Release|Any CPU
		{1664AD6B-5801-4B44-B903-BF88667E72BB}.Release|Any CPU.Build.0 = Release|Any CPU
	EndGlobalSection
	GlobalSection(SolutionProperties) = preSolution
		HideSolutionNode = FALSE
	EndGlobalSection
	GlobalSection(ExtensibilityGlobals) = postSolution
		SolutionGuid = {33FA9B6B-14E4-4D3F-A753-5F2573F447B6}
	EndGlobalSection
EndGlobal
